
Microsoft Visual Studio Solution File, Format Version 12.00
# Visual Studio Version 16
VisualStudioVersion = 16.0.29306.81
MinimumVisualStudioVersion = 10.0.40219.1
Project("{FAE04EC0-301F-11D3-BF4B-00C04F79EFBC}") = "DesignPatternMain", "DesignPatternMain\DesignPatternMain.csproj", "{1B1D00CE-A77E-4495-B54F-3F3C1FC56480}"
EndProject
Project("{FAE04EC0-301F-11D3-BF4B-00C04F79EFBC}") = "Decorator", "Decorator\Decorator.csproj", "{55B172FD-800C-4CC9-A6CA-787C46A4A873}"
EndProject
Project("{FAE04EC0-301F-11D3-BF4B-00C04F79EFBC}") = "Strategy", "Strategy\Strategy.csproj", "{FCA7502C-2260-4767-977C-95001D151674}"
EndProject
Project("{FAE04EC0-301F-11D3-BF4B-00C04F79EFBC}") = "Facade", "Facade\Facade.csproj", "{5DC4BD4B-F55E-4C50-B474-EA014BF31320}"
EndProject
Project("{FAE04EC0-301F-11D3-BF4B-00C04F79EFBC}") = "Factory", "Factory\Factory.csproj", "{7D16CFA6-9FC6-47EC-BD3C-3598CE09DF49}"
EndProject
Project("{FAE04EC0-301F-11D3-BF4B-00C04F79EFBC}") = "AbstractFactory", "AbstractFactory\AbstractFactory.csproj", "{2FE38423-98B4-47D0-9EEF-C31752F5AFF7}"
EndProject
Project("{FAE04EC0-301F-11D3-BF4B-00C04F79EFBC}") = "Repository", "Repository\Repository.csproj", "{AB224C93-FB30-4CDD-891A-E56BED1223A2}"
EndProject
Project("{00D1A9C2-B5F0-4AF3-8072-F6C62B433612}") = "DesignPatternDatabase", "DesignPatternDatabase\DesignPatternDatabase.sqlproj", "{FD62BBC0-D400-41A7-B276-E5B19248A01B}"
EndProject
Project("{FAE04EC0-301F-11D3-BF4B-00C04F79EFBC}") = "UnitOfWork", "UnitOfWork\UnitOfWork.csproj", "{9E5DD2B0-A631-469D-AA1D-B94E10F73F2E}"
EndProject
Project("{2150E333-8FDC-42A3-9474-1A3956D46DE8}") = "Persistence", "Persistence", "{5D2D1BE6-050B-4F09-8FE2-DD5DCFC47573}"
EndProject
Project("{FAE04EC0-301F-11D3-BF4B-00C04F79EFBC}") = "DataAccess", "DataAccess\DataAccess.csproj", "{DD1D418F-6020-4D03-B319-D8455CE1C332}"
EndProject
Project("{FAE04EC0-301F-11D3-BF4B-00C04F79EFBC}") = "State", "State\State.csproj", "{AC5226B0-0C99-4D43-9E7E-0DB502C7C4D6}"
EndProject
Global
	GlobalSection(SolutionConfigurationPlatforms) = preSolution
		Debug|Any CPU = Debug|Any CPU
		Release|Any CPU = Release|Any CPU
	EndGlobalSection
	GlobalSection(ProjectConfigurationPlatforms) = postSolution
		{1B1D00CE-A77E-4495-B54F-3F3C1FC56480}.Debug|Any CPU.ActiveCfg = Debug|Any CPU
		{1B1D00CE-A77E-4495-B54F-3F3C1FC56480}.Debug|Any CPU.Build.0 = Debug|Any CPU
		{1B1D00CE-A77E-4495-B54F-3F3C1FC56480}.Release|Any CPU.ActiveCfg = Release|Any CPU
		{1B1D00CE-A77E-4495-B54F-3F3C1FC56480}.Release|Any CPU.Build.0 = Release|Any CPU
		{55B172FD-800C-4CC9-A6CA-787C46A4A873}.Debug|Any CPU.ActiveCfg = Debug|Any CPU
		{55B172FD-800C-4CC9-A6CA-787C46A4A873}.Debug|Any CPU.Build.0 = Debug|Any CPU
		{55B172FD-800C-4CC9-A6CA-787C46A4A873}.Release|Any CPU.ActiveCfg = Release|Any CPU
		{55B172FD-800C-4CC9-A6CA-787C46A4A873}.Release|Any CPU.Build.0 = Release|Any CPU
		{FCA7502C-2260-4767-977C-95001D151674}.Debug|Any CPU.ActiveCfg = Debug|Any CPU
		{FCA7502C-2260-4767-977C-95001D151674}.Debug|Any CPU.Build.0 = Debug|Any CPU
		{FCA7502C-2260-4767-977C-95001D151674}.Release|Any CPU.ActiveCfg = Release|Any CPU
		{FCA7502C-2260-4767-977C-95001D151674}.Release|Any CPU.Build.0 = Release|Any CPU
		{5DC4BD4B-F55E-4C50-B474-EA014BF31320}.Debug|Any CPU.ActiveCfg = Debug|Any CPU
		{5DC4BD4B-F55E-4C50-B474-EA014BF31320}.Debug|Any CPU.Build.0 = Debug|Any CPU
		{5DC4BD4B-F55E-4C50-B474-EA014BF31320}.Release|Any CPU.ActiveCfg = Release|Any CPU
		{5DC4BD4B-F55E-4C50-B474-EA014BF31320}.Release|Any CPU.Build.0 = Release|Any CPU
		{7D16CFA6-9FC6-47EC-BD3C-3598CE09DF49}.Debug|Any CPU.ActiveCfg = Debug|Any CPU
		{7D16CFA6-9FC6-47EC-BD3C-3598CE09DF49}.Debug|Any CPU.Build.0 = Debug|Any CPU
		{7D16CFA6-9FC6-47EC-BD3C-3598CE09DF49}.Release|Any CPU.ActiveCfg = Release|Any CPU
		{7D16CFA6-9FC6-47EC-BD3C-3598CE09DF49}.Release|Any CPU.Build.0 = Release|Any CPU
		{2FE38423-98B4-47D0-9EEF-C31752F5AFF7}.Debug|Any CPU.ActiveCfg = Debug|Any CPU
		{2FE38423-98B4-47D0-9EEF-C31752F5AFF7}.Debug|Any CPU.Build.0 = Debug|Any CPU
		{2FE38423-98B4-47D0-9EEF-C31752F5AFF7}.Release|Any CPU.ActiveCfg = Release|Any CPU
		{2FE38423-98B4-47D0-9EEF-C31752F5AFF7}.Release|Any CPU.Build.0 = Release|Any CPU
		{AB224C93-FB30-4CDD-891A-E56BED1223A2}.Debug|Any CPU.ActiveCfg = Debug|Any CPU
		{AB224C93-FB30-4CDD-891A-E56BED1223A2}.Debug|Any CPU.Build.0 = Debug|Any CPU
		{AB224C93-FB30-4CDD-891A-E56BED1223A2}.Release|Any CPU.ActiveCfg = Release|Any CPU
		{AB224C93-FB30-4CDD-891A-E56BED1223A2}.Release|Any CPU.Build.0 = Release|Any CPU
		{FD62BBC0-D400-41A7-B276-E5B19248A01B}.Debug|Any CPU.ActiveCfg = Debug|Any CPU
		{FD62BBC0-D400-41A7-B276-E5B19248A01B}.Debug|Any CPU.Build.0 = Debug|Any CPU
		{FD62BBC0-D400-41A7-B276-E5B19248A01B}.Debug|Any CPU.Deploy.0 = Debug|Any CPU
		{FD62BBC0-D400-41A7-B276-E5B19248A01B}.Release|Any CPU.ActiveCfg = Release|Any CPU
		{FD62BBC0-D400-41A7-B276-E5B19248A01B}.Release|Any CPU.Build.0 = Release|Any CPU
		{FD62BBC0-D400-41A7-B276-E5B19248A01B}.Release|Any CPU.Deploy.0 = Release|Any CPU
		{9E5DD2B0-A631-469D-AA1D-B94E10F73F2E}.Debug|Any CPU.ActiveCfg = Debug|Any CPU
		{9E5DD2B0-A631-469D-AA1D-B94E10F73F2E}.Debug|Any CPU.Build.0 = Debug|Any CPU
		{9E5DD2B0-A631-469D-AA1D-B94E10F73F2E}.Release|Any CPU.ActiveCfg = Release|Any CPU
		{9E5DD2B0-A631-469D-AA1D-B94E10F73F2E}.Release|Any CPU.Build.0 = Release|Any CPU
		{DD1D418F-6020-4D03-B319-D8455CE1C332}.Debug|Any CPU.ActiveCfg = Debug|Any CPU
		{DD1D418F-6020-4D03-B319-D8455CE1C332}.Debug|Any CPU.Build.0 = Debug|Any CPU
		{DD1D418F-6020-4D03-B319-D8455CE1C332}.Release|Any CPU.ActiveCfg = Release|Any CPU
		{DD1D418F-6020-4D03-B319-D8455CE1C332}.Release|Any CPU.Build.0 = Release|Any CPU
		{AC5226B0-0C99-4D43-9E7E-0DB502C7C4D6}.Debug|Any CPU.ActiveCfg = Debug|Any CPU
		{AC5226B0-0C99-4D43-9E7E-0DB502C7C4D6}.Debug|Any CPU.Build.0 = Debug|Any CPU
		{AC5226B0-0C99-4D43-9E7E-0DB502C7C4D6}.Release|Any CPU.ActiveCfg = Release|Any CPU
		{AC5226B0-0C99-4D43-9E7E-0DB502C7C4D6}.Release|Any CPU.Build.0 = Release|Any CPU
	EndGlobalSection
	GlobalSection(SolutionProperties) = preSolution
		HideSolutionNode = FALSE
	EndGlobalSection
	GlobalSection(NestedProjects) = preSolution
		{FD62BBC0-D400-41A7-B276-E5B19248A01B} = {5D2D1BE6-050B-4F09-8FE2-DD5DCFC47573}
		{DD1D418F-6020-4D03-B319-D8455CE1C332} = {5D2D1BE6-050B-4F09-8FE2-DD5DCFC47573}
	EndGlobalSection
	GlobalSection(ExtensibilityGlobals) = postSolution
		SolutionGuid = {5C77E210-5E49-429A-896D-B1D5D2D6851B}
	EndGlobalSection
EndGlobal
