
Microsoft Visual Studio Solution File, Format Version 12.00
# Visual Studio 15
VisualStudioVersion = 15.0.28010.2019
MinimumVisualStudioVersion = 10.0.40219.1
Project("{FAE04EC0-301F-11D3-BF4B-00C04F79EFBC}") = "DesignPatternMain", "DesignPatternMain\DesignPatternMain.csproj", "{1B1D00CE-A77E-4495-B54F-3F3C1FC56480}"
EndProject
Project("{FAE04EC0-301F-11D3-BF4B-00C04F79EFBC}") = "Decorator", "Decorator\Decorator.csproj", "{55B172FD-800C-4CC9-A6CA-787C46A4A873}"
EndProject
Project("{FAE04EC0-301F-11D3-BF4B-00C04F79EFBC}") = "Strategy", "Strategy\Strategy.csproj", "{FCA7502C-2260-4767-977C-95001D151674}"
EndProject
Project("{FAE04EC0-301F-11D3-BF4B-00C04F79EFBC}") = "Facade", "Facade\Facade.csproj", "{5DC4BD4B-F55E-4C50-B474-EA014BF31320}"
EndProject
Global
	GlobalSection(SolutionConfigurationPlatforms) = preSolution
		Debug|Any CPU = Debug|Any CPU
		Release|Any CPU = Release|Any CPU
	EndGlobalSection
	GlobalSection(ProjectConfigurationPlatforms) = postSolution
		{1B1D00CE-A77E-4495-B54F-3F3C1FC56480}.Debug|Any CPU.ActiveCfg = Debug|Any CPU
		{1B1D00CE-A77E-4495-B54F-3F3C1FC56480}.Debug|Any CPU.Build.0 = Debug|Any CPU
		{1B1D00CE-A77E-4495-B54F-3F3C1FC56480}.Release|Any CPU.ActiveCfg = Release|Any CPU
		{1B1D00CE-A77E-4495-B54F-3F3C1FC56480}.Release|Any CPU.Build.0 = Release|Any CPU
		{55B172FD-800C-4CC9-A6CA-787C46A4A873}.Debug|Any CPU.ActiveCfg = Debug|Any CPU
		{55B172FD-800C-4CC9-A6CA-787C46A4A873}.Debug|Any CPU.Build.0 = Debug|Any CPU
		{55B172FD-800C-4CC9-A6CA-787C46A4A873}.Release|Any CPU.ActiveCfg = Release|Any CPU
		{55B172FD-800C-4CC9-A6CA-787C46A4A873}.Release|Any CPU.Build.0 = Release|Any CPU
		{FCA7502C-2260-4767-977C-95001D151674}.Debug|Any CPU.ActiveCfg = Debug|Any CPU
		{FCA7502C-2260-4767-977C-95001D151674}.Debug|Any CPU.Build.0 = Debug|Any CPU
		{FCA7502C-2260-4767-977C-95001D151674}.Release|Any CPU.ActiveCfg = Release|Any CPU
		{FCA7502C-2260-4767-977C-95001D151674}.Release|Any CPU.Build.0 = Release|Any CPU
		{5DC4BD4B-F55E-4C50-B474-EA014BF31320}.Debug|Any CPU.ActiveCfg = Debug|Any CPU
		{5DC4BD4B-F55E-4C50-B474-EA014BF31320}.Debug|Any CPU.Build.0 = Debug|Any CPU
		{5DC4BD4B-F55E-4C50-B474-EA014BF31320}.Release|Any CPU.ActiveCfg = Release|Any CPU
		{5DC4BD4B-F55E-4C50-B474-EA014BF31320}.Release|Any CPU.Build.0 = Release|Any CPU
	EndGlobalSection
	GlobalSection(SolutionProperties) = preSolution
		HideSolutionNode = FALSE
	EndGlobalSection
	GlobalSection(ExtensibilityGlobals) = postSolution
		SolutionGuid = {5C77E210-5E49-429A-896D-B1D5D2D6851B}
	EndGlobalSection
EndGlobal
